
Microsoft Visual Studio Solution File, Format Version 12.00
# Visual Studio Version 17
VisualStudioVersion = 17.13.35825.156 d17.13
MinimumVisualStudioVersion = 10.0.40219.1
Project("{FAE04EC0-301F-11D3-BF4B-00C04F79EFBC}") = "Zad1_2_3", "Zad1_2_3.csproj", "{DFB02045-2736-41A2-A871-6E8B02CF906A}"
EndProject
Project("{FAE04EC0-301F-11D3-BF4B-00C04F79EFBC}") = "Zad4", "..\Zad4\Zad4.csproj", "{A10D3DAE-8A7F-4119-8C31-7AD165FDF7E8}"
EndProject
Project("{FAE04EC0-301F-11D3-BF4B-00C04F79EFBC}") = "Zad5_6", "..\Zad5\Zad5_6.csproj", "{D4C07A14-B5C4-4683-8C90-2279A35016AF}"
EndProject
Project("{FAE04EC0-301F-11D3-BF4B-00C04F79EFBC}") = "Zad7", "..\Zad7\Zad7.csproj", "{677C3B6B-5C3C-4A5F-9768-62A04C3D7EC4}"
EndProject
Global
	GlobalSection(SolutionConfigurationPlatforms) = preSolution
		Debug|Any CPU = Debug|Any CPU
		Release|Any CPU = Release|Any CPU
	EndGlobalSection
	GlobalSection(ProjectConfigurationPlatforms) = postSolution
		{DFB02045-2736-41A2-A871-6E8B02CF906A}.Debug|Any CPU.ActiveCfg = Debug|Any CPU
		{DFB02045-2736-41A2-A871-6E8B02CF906A}.Debug|Any CPU.Build.0 = Debug|Any CPU
		{DFB02045-2736-41A2-A871-6E8B02CF906A}.Release|Any CPU.ActiveCfg = Release|Any CPU
		{DFB02045-2736-41A2-A871-6E8B02CF906A}.Release|Any CPU.Build.0 = Release|Any CPU
		{A10D3DAE-8A7F-4119-8C31-7AD165FDF7E8}.Debug|Any CPU.ActiveCfg = Debug|Any CPU
		{A10D3DAE-8A7F-4119-8C31-7AD165FDF7E8}.Debug|Any CPU.Build.0 = Debug|Any CPU
		{A10D3DAE-8A7F-4119-8C31-7AD165FDF7E8}.Release|Any CPU.ActiveCfg = Release|Any CPU
		{A10D3DAE-8A7F-4119-8C31-7AD165FDF7E8}.Release|Any CPU.Build.0 = Release|Any CPU
		{D4C07A14-B5C4-4683-8C90-2279A35016AF}.Debug|Any CPU.ActiveCfg = Debug|Any CPU
		{D4C07A14-B5C4-4683-8C90-2279A35016AF}.Debug|Any CPU.Build.0 = Debug|Any CPU
		{D4C07A14-B5C4-4683-8C90-2279A35016AF}.Release|Any CPU.ActiveCfg = Release|Any CPU
		{D4C07A14-B5C4-4683-8C90-2279A35016AF}.Release|Any CPU.Build.0 = Release|Any CPU
		{677C3B6B-5C3C-4A5F-9768-62A04C3D7EC4}.Debug|Any CPU.ActiveCfg = Debug|Any CPU
		{677C3B6B-5C3C-4A5F-9768-62A04C3D7EC4}.Debug|Any CPU.Build.0 = Debug|Any CPU
		{677C3B6B-5C3C-4A5F-9768-62A04C3D7EC4}.Release|Any CPU.ActiveCfg = Release|Any CPU
		{677C3B6B-5C3C-4A5F-9768-62A04C3D7EC4}.Release|Any CPU.Build.0 = Release|Any CPU
	EndGlobalSection
	GlobalSection(SolutionProperties) = preSolution
		HideSolutionNode = FALSE
	EndGlobalSection
	GlobalSection(ExtensibilityGlobals) = postSolution
		SolutionGuid = {5A87326E-FA15-4A9C-85C4-C35A077EA6E1}
	EndGlobalSection
EndGlobal
